
Microsoft Visual Studio Solution File, Format Version 12.00
# Visual Studio Version 16
VisualStudioVersion = 16.0.31727.386
MinimumVisualStudioVersion = 10.0.40219.1
Project("{FAE04EC0-301F-11D3-BF4B-00C04F79EFBC}") = "CreateKeyPair", "CreateKeyPair\CreateKeyPair.csproj", "{91A90B99-1C1B-402E-A0EE-2EFEB9FE4538}"
EndProject
Global
	GlobalSection(SolutionConfigurationPlatforms) = preSolution
		Debug|Any CPU = Debug|Any CPU
		Release|Any CPU = Release|Any CPU
	EndGlobalSection
	GlobalSection(ProjectConfigurationPlatforms) = postSolution
		{91A90B99-1C1B-402E-A0EE-2EFEB9FE4538}.Debug|Any CPU.ActiveCfg = Debug|Any CPU
		{91A90B99-1C1B-402E-A0EE-2EFEB9FE4538}.Debug|Any CPU.Build.0 = Debug|Any CPU
		{91A90B99-1C1B-402E-A0EE-2EFEB9FE4538}.Release|Any CPU.ActiveCfg = Release|Any CPU
		{91A90B99-1C1B-402E-A0EE-2EFEB9FE4538}.Release|Any CPU.Build.0 = Release|Any CPU
	EndGlobalSection
	GlobalSection(SolutionProperties) = preSolution
		HideSolutionNode = FALSE
	EndGlobalSection
	GlobalSection(ExtensibilityGlobals) = postSolution
		SolutionGuid = {4163F3E8-07A5-4EA3-B952-B476E70D079E}
	EndGlobalSection
EndGlobal
